{
  "name": "droidrun-skills",
  "lockfileVersion": 3,
  "requires": true,
  "packages": {
    "": {
      "workspaces": [
        "mobilerun"
      ]
    },
    "mobilerun": {
      "name": "@mobilerun/openclaw-mobilerun",
      "version": "1.0.1",
      "license": "MIT"
    },
    "node_modules/@mobilerun/openclaw-mobilerun": {
      "resolved": "mobilerun",
      "link": true
    }
  }
}
